Microsoft Visual Studio Solution File, Format Version 12.00
# Visual Studio 15
VisualStudioVersion = 15.0.27428.2015
MinimumVisualStudioVersion = 10.0.40219.1
Project("{9A19103F-16F7-4668-BE54-9A1E7A4F7556}") = "TuVotoCuenta.Functions", "TuVotoCuenta.Functions\TuVotoCuenta.Functions.csproj", "{F5F1479E-D9FF-4157-842E-489E8D4ECD64}"
EndProject
Project("{9A19103F-16F7-4668-BE54-9A1E7A4F7556}") = "TuVotoCuenta.Functions.Domain", "TuVotoCuenta.Functions.Domain\TuVotoCuenta.Functions.Domain.csproj", "{0ADB0264-58AF-4BC5-8175-CE6DD465F644}"
EndProject
Project("{9A19103F-16F7-4668-BE54-9A1E7A4F7556}") = "TuVotoCuenta.Functions.Logic", "TuVotoCuenta.Functions.Logic\TuVotoCuenta.Functions.Logic.csproj", "{17E5929A-234E-4513-8ED5-1C7CAB8053F5}"
EndProject
Global
	GlobalSection(SolutionConfigurationPlatforms) = preSolution
		Debug|Any CPU = Debug|Any CPU
		Debug|ARM = Debug|ARM
		Debug|x64 = Debug|x64
		Debug|x86 = Debug|x86
		Release|Any CPU = Release|Any CPU
		Release|ARM = Release|ARM
		Release|x64 = Release|x64
		Release|x86 = Release|x86
	EndGlobalSection
	GlobalSection(ProjectConfigurationPlatforms) = postSolution
		{F5F1479E-D9FF-4157-842E-489E8D4ECD64}.Debug|Any CPU.ActiveCfg = Debug|Any CPU
		{F5F1479E-D9FF-4157-842E-489E8D4ECD64}.Debug|Any CPU.Build.0 = Debug|Any CPU
		{F5F1479E-D9FF-4157-842E-489E8D4ECD64}.Debug|ARM.ActiveCfg = Debug|Any CPU
		{F5F1479E-D9FF-4157-842E-489E8D4ECD64}.Debug|ARM.Build.0 = Debug|Any CPU
		{F5F1479E-D9FF-4157-842E-489E8D4ECD64}.Debug|x64.ActiveCfg = Debug|Any CPU
		{F5F1479E-D9FF-4157-842E-489E8D4ECD64}.Debug|x64.Build.0 = Debug|Any CPU
		{F5F1479E-D9FF-4157-842E-489E8D4ECD64}.Debug|x86.ActiveCfg = Debug|Any CPU
		{F5F1479E-D9FF-4157-842E-489E8D4ECD64}.Debug|x86.Build.0 = Debug|Any CPU
		{F5F1479E-D9FF-4157-842E-489E8D4ECD64}.Release|Any CPU.ActiveCfg = Release|Any CPU
		{F5F1479E-D9FF-4157-842E-489E8D4ECD64}.Release|Any CPU.Build.0 = Release|Any CPU
		{F5F1479E-D9FF-4157-842E-489E8D4ECD64}.Release|ARM.ActiveCfg = Release|Any CPU
		{F5F1479E-D9FF-4157-842E-489E8D4ECD64}.Release|ARM.Build.0 = Release|Any CPU
		{F5F1479E-D9FF-4157-842E-489E8D4ECD64}.Release|x64.ActiveCfg = Release|Any CPU
		{F5F1479E-D9FF-4157-842E-489E8D4ECD64}.Release|x64.Build.0 = Release|Any CPU
		{F5F1479E-D9FF-4157-842E-489E8D4ECD64}.Release|x86.ActiveCfg = Release|Any CPU
		{F5F1479E-D9FF-4157-842E-489E8D4ECD64}.Release|x86.Build.0 = Release|Any CPU
		{0ADB0264-58AF-4BC5-8175-CE6DD465F644}.Debug|Any CPU.ActiveCfg = Debug|Any CPU
		{0ADB0264-58AF-4BC5-8175-CE6DD465F644}.Debug|Any CPU.Build.0 = Debug|Any CPU
		{0ADB0264-58AF-4BC5-8175-CE6DD465F644}.Debug|ARM.ActiveCfg = Debug|Any CPU
		{0ADB0264-58AF-4BC5-8175-CE6DD465F644}.Debug|ARM.Build.0 = Debug|Any CPU
		{0ADB0264-58AF-4BC5-8175-CE6DD465F644}.Debug|x64.ActiveCfg = Debug|Any CPU
		{0ADB0264-58AF-4BC5-8175-CE6DD465F644}.Debug|x64.Build.0 = Debug|Any CPU
		{0ADB0264-58AF-4BC5-8175-CE6DD465F644}.Debug|x86.ActiveCfg = Debug|Any CPU
		{0ADB0264-58AF-4BC5-8175-CE6DD465F644}.Debug|x86.Build.0 = Debug|Any CPU
		{0ADB0264-58AF-4BC5-8175-CE6DD465F644}.Release|Any CPU.ActiveCfg = Release|Any CPU
		{0ADB0264-58AF-4BC5-8175-CE6DD465F644}.Release|Any CPU.Build.0 = Release|Any CPU
		{0ADB0264-58AF-4BC5-8175-CE6DD465F644}.Release|ARM.ActiveCfg = Release|Any CPU
		{0ADB0264-58AF-4BC5-8175-CE6DD465F644}.Release|ARM.Build.0 = Release|Any CPU
		{0ADB0264-58AF-4BC5-8175-CE6DD465F644}.Release|x64.ActiveCfg = Release|Any CPU
		{0ADB0264-58AF-4BC5-8175-CE6DD465F644}.Release|x64.Build.0 = Release|Any CPU
		{0ADB0264-58AF-4BC5-8175-CE6DD465F644}.Release|x86.ActiveCfg = Release|Any CPU
		{0ADB0264-58AF-4BC5-8175-CE6DD465F644}.Release|x86.Build.0 = Release|Any CPU
		{17E5929A-234E-4513-8ED5-1C7CAB8053F5}.Debug|Any CPU.ActiveCfg = Debug|Any CPU
		{17E5929A-234E-4513-8ED5-1C7CAB8053F5}.Debug|Any CPU.Build.0 = Debug|Any CPU
		{17E5929A-234E-4513-8ED5-1C7CAB8053F5}.Debug|ARM.ActiveCfg = Debug|Any CPU
		{17E5929A-234E-4513-8ED5-1C7CAB8053F5}.Debug|ARM.Build.0 = Debug|Any CPU
		{17E5929A-234E-4513-8ED5-1C7CAB8053F5}.Debug|x64.ActiveCfg = Debug|Any CPU
		{17E5929A-234E-4513-8ED5-1C7CAB8053F5}.Debug|x64.Build.0 = Debug|Any CPU
		{17E5929A-234E-4513-8ED5-1C7CAB8053F5}.Debug|x86.ActiveCfg = Debug|Any CPU
		{17E5929A-234E-4513-8ED5-1C7CAB8053F5}.Debug|x86.Build.0 = Debug|Any CPU
		{17E5929A-234E-4513-8ED5-1C7CAB8053F5}.Release|Any CPU.ActiveCfg = Release|Any CPU
		{17E5929A-234E-4513-8ED5-1C7CAB8053F5}.Release|Any CPU.Build.0 = Release|Any CPU
		{17E5929A-234E-4513-8ED5-1C7CAB8053F5}.Release|ARM.ActiveCfg = Release|Any CPU
		{17E5929A-234E-4513-8ED5-1C7CAB8053F5}.Release|ARM.Build.0 = Release|Any CPU
		{17E5929A-234E-4513-8ED5-1C7CAB8053F5}.Release|x64.ActiveCfg = Release|Any CPU
		{17E5929A-234E-4513-8ED5-1C7CAB8053F5}.Release|x64.Build.0 = Release|Any CPU
		{17E5929A-234E-4513-8ED5-1C7CAB8053F5}.Release|x86.ActiveCfg = Release|Any CPU
		{17E5929A-234E-4513-8ED5-1C7CAB8053F5}.Release|x86.Build.0 = Release|Any CPU
	EndGlobalSection
	GlobalSection(SolutionProperties) = preSolution
		HideSolutionNode = FALSE
	EndGlobalSection
	GlobalSection(ExtensibilityGlobals) = postSolution
		SolutionGuid = {C265300F-0F45-4342-98B4-142CD20F6CEB}
	EndGlobalSection
EndGlobal
